
Microsoft Visual Studio Solution File, Format Version 12.00
# Visual Studio 2012
Project("{FAE04EC0-301F-11D3-BF4B-00C04F79EFBC}") = "01. NumbersToN", "01. NumbersToN\01. NumbersToN.csproj", "{C1A16809-3D53-4DBA-B4F1-C84C6614F0DA}"
EndProject
Project("{FAE04EC0-301F-11D3-BF4B-00C04F79EFBC}") = "02. DivisbleByThreeAndSeven", "02. DivisbleByThreeAndSeven\02. DivisbleByThreeAndSeven.csproj", "{F4FFA4CB-BF93-4CF6-B0B0-0774B57FFB6E}"
EndProject
Project("{FAE04EC0-301F-11D3-BF4B-00C04F79EFBC}") = "03. MinAndMaxNumber", "03. MinAndMaxNumber\03. MinAndMaxNumber.csproj", "{63049E8A-ECE5-4E14-88C8-304C3C541359}"
EndProject
Project("{FAE04EC0-301F-11D3-BF4B-00C04F79EFBC}") = "04. DevidingFactoriels", "04. DevidingFactoriels\04. DevidingFactoriels.csproj", "{8CE61B46-ED4A-467B-84A4-1F034BAA9848}"
EndProject
Project("{FAE04EC0-301F-11D3-BF4B-00C04F79EFBC}") = "05. MoreFactoriels", "05. MoreFactoriels\05. MoreFactoriels.csproj", "{68A56623-50CD-4BD0-8D8A-4FAD0C1346AB}"
EndProject
Project("{FAE04EC0-301F-11D3-BF4B-00C04F79EFBC}") = "07. FibonacciSequance", "07. FibonacciSequance\07. FibonacciSequance.csproj", "{5B0C0859-0C21-478D-AD4A-CAF7A8D57684}"
EndProject
Project("{FAE04EC0-301F-11D3-BF4B-00C04F79EFBC}") = "06. CalucaltingSumXandN", "06. CalucaltingSumXandN\06. CalucaltingSumXandN.csproj", "{25BF556E-7038-40E6-9067-E057E1B06D2A}"
EndProject
Project("{FAE04EC0-301F-11D3-BF4B-00C04F79EFBC}") = "08. GreatestCommonDivisor", "08. GreatestCommonDivisor\08. GreatestCommonDivisor.csproj", "{6291A25B-93DD-4817-A576-C5B5413B3284}"
EndProject
Project("{FAE04EC0-301F-11D3-BF4B-00C04F79EFBC}") = "09. CatalanFormula", "09. CatalanFormula\09. CatalanFormula.csproj", "{A177F8FC-A62D-418E-8043-37A1A3762E9E}"
EndProject
Project("{FAE04EC0-301F-11D3-BF4B-00C04F79EFBC}") = "10. NthCatalanNumber", "10. NthCatalanNumber\10. NthCatalanNumber.csproj", "{0EF52166-01C5-4A8A-8EC3-2EE5700E8BAE}"
EndProject
Project("{FAE04EC0-301F-11D3-BF4B-00C04F79EFBC}") = "11. DeckOfCards", "11. DeckOfCards\11. DeckOfCards.csproj", "{62FFC494-87C7-428D-BBD8-6594CD2D8132}"
EndProject
Project("{FAE04EC0-301F-11D3-BF4B-00C04F79EFBC}") = "12. OutputMatrix", "12. OutputMatrix\12. OutputMatrix.csproj", "{D8168B73-3177-4B35-8B44-B649BEF3570A}"
EndProject
Project("{FAE04EC0-301F-11D3-BF4B-00C04F79EFBC}") = "13. NumberOfZeros", "13. NumberOfZeros\13. NumberOfZeros.csproj", "{66DE75E9-7344-4EBB-903A-98FFE268EA87}"
EndProject
Project("{FAE04EC0-301F-11D3-BF4B-00C04F79EFBC}") = "14. SpiralOutput", "14. SpiralOutput\14. SpiralOutput.csproj", "{961F7535-AD4E-40AA-B4E4-1BA46CD89DA7}"
EndProject
Global
	GlobalSection(SolutionConfigurationPlatforms) = preSolution
		Debug|Any CPU = Debug|Any CPU
		Release|Any CPU = Release|Any CPU
	EndGlobalSection
	GlobalSection(ProjectConfigurationPlatforms) = postSolution
		{C1A16809-3D53-4DBA-B4F1-C84C6614F0DA}.Debug|Any CPU.ActiveCfg = Debug|Any CPU
		{C1A16809-3D53-4DBA-B4F1-C84C6614F0DA}.Debug|Any CPU.Build.0 = Debug|Any CPU
		{C1A16809-3D53-4DBA-B4F1-C84C6614F0DA}.Release|Any CPU.ActiveCfg = Release|Any CPU
		{C1A16809-3D53-4DBA-B4F1-C84C6614F0DA}.Release|Any CPU.Build.0 = Release|Any CPU
		{F4FFA4CB-BF93-4CF6-B0B0-0774B57FFB6E}.Debug|Any CPU.ActiveCfg = Debug|Any CPU
		{F4FFA4CB-BF93-4CF6-B0B0-0774B57FFB6E}.Debug|Any CPU.Build.0 = Debug|Any CPU
		{F4FFA4CB-BF93-4CF6-B0B0-0774B57FFB6E}.Release|Any CPU.ActiveCfg = Release|Any CPU
		{F4FFA4CB-BF93-4CF6-B0B0-0774B57FFB6E}.Release|Any CPU.Build.0 = Release|Any CPU
		{63049E8A-ECE5-4E14-88C8-304C3C541359}.Debug|Any CPU.ActiveCfg = Debug|Any CPU
		{63049E8A-ECE5-4E14-88C8-304C3C541359}.Debug|Any CPU.Build.0 = Debug|Any CPU
		{63049E8A-ECE5-4E14-88C8-304C3C541359}.Release|Any CPU.ActiveCfg = Release|Any CPU
		{63049E8A-ECE5-4E14-88C8-304C3C541359}.Release|Any CPU.Build.0 = Release|Any CPU
		{8CE61B46-ED4A-467B-84A4-1F034BAA9848}.Debug|Any CPU.ActiveCfg = Debug|Any CPU
		{8CE61B46-ED4A-467B-84A4-1F034BAA9848}.Debug|Any CPU.Build.0 = Debug|Any CPU
		{8CE61B46-ED4A-467B-84A4-1F034BAA9848}.Release|Any CPU.ActiveCfg = Release|Any CPU
		{8CE61B46-ED4A-467B-84A4-1F034BAA9848}.Release|Any CPU.Build.0 = Release|Any CPU
		{68A56623-50CD-4BD0-8D8A-4FAD0C1346AB}.Debug|Any CPU.ActiveCfg = Debug|Any CPU
		{68A56623-50CD-4BD0-8D8A-4FAD0C1346AB}.Debug|Any CPU.Build.0 = Debug|Any CPU
		{68A56623-50CD-4BD0-8D8A-4FAD0C1346AB}.Release|Any CPU.ActiveCfg = Release|Any CPU
		{68A56623-50CD-4BD0-8D8A-4FAD0C1346AB}.Release|Any CPU.Build.0 = Release|Any CPU
		{5B0C0859-0C21-478D-AD4A-CAF7A8D57684}.Debug|Any CPU.ActiveCfg = Debug|Any CPU
		{5B0C0859-0C21-478D-AD4A-CAF7A8D57684}.Debug|Any CPU.Build.0 = Debug|Any CPU
		{5B0C0859-0C21-478D-AD4A-CAF7A8D57684}.Release|Any CPU.ActiveCfg = Release|Any CPU
		{5B0C0859-0C21-478D-AD4A-CAF7A8D57684}.Release|Any CPU.Build.0 = Release|Any CPU
		{25BF556E-7038-40E6-9067-E057E1B06D2A}.Debug|Any CPU.ActiveCfg = Debug|Any CPU
		{25BF556E-7038-40E6-9067-E057E1B06D2A}.Debug|Any CPU.Build.0 = Debug|Any CPU
		{25BF556E-7038-40E6-9067-E057E1B06D2A}.Release|Any CPU.ActiveCfg = Release|Any CPU
		{25BF556E-7038-40E6-9067-E057E1B06D2A}.Release|Any CPU.Build.0 = Release|Any CPU
		{6291A25B-93DD-4817-A576-C5B5413B3284}.Debug|Any CPU.ActiveCfg = Debug|Any CPU
		{6291A25B-93DD-4817-A576-C5B5413B3284}.Debug|Any CPU.Build.0 = Debug|Any CPU
		{6291A25B-93DD-4817-A576-C5B5413B3284}.Release|Any CPU.ActiveCfg = Release|Any CPU
		{6291A25B-93DD-4817-A576-C5B5413B3284}.Release|Any CPU.Build.0 = Release|Any CPU
		{A177F8FC-A62D-418E-8043-37A1A3762E9E}.Debug|Any CPU.ActiveCfg = Debug|Any CPU
		{A177F8FC-A62D-418E-8043-37A1A3762E9E}.Debug|Any CPU.Build.0 = Debug|Any CPU
		{A177F8FC-A62D-418E-8043-37A1A3762E9E}.Release|Any CPU.ActiveCfg = Release|Any CPU
		{A177F8FC-A62D-418E-8043-37A1A3762E9E}.Release|Any CPU.Build.0 = Release|Any CPU
		{0EF52166-01C5-4A8A-8EC3-2EE5700E8BAE}.Debug|Any CPU.ActiveCfg = Debug|Any CPU
		{0EF52166-01C5-4A8A-8EC3-2EE5700E8BAE}.Debug|Any CPU.Build.0 = Debug|Any CPU
		{0EF52166-01C5-4A8A-8EC3-2EE5700E8BAE}.Release|Any CPU.ActiveCfg = Release|Any CPU
		{0EF52166-01C5-4A8A-8EC3-2EE5700E8BAE}.Release|Any CPU.Build.0 = Release|Any CPU
		{62FFC494-87C7-428D-BBD8-6594CD2D8132}.Debug|Any CPU.ActiveCfg = Debug|Any CPU
		{62FFC494-87C7-428D-BBD8-6594CD2D8132}.Debug|Any CPU.Build.0 = Debug|Any CPU
		{62FFC494-87C7-428D-BBD8-6594CD2D8132}.Release|Any CPU.ActiveCfg = Release|Any CPU
		{62FFC494-87C7-428D-BBD8-6594CD2D8132}.Release|Any CPU.Build.0 = Release|Any CPU
		{D8168B73-3177-4B35-8B44-B649BEF3570A}.Debug|Any CPU.ActiveCfg = Debug|Any CPU
		{D8168B73-3177-4B35-8B44-B649BEF3570A}.Debug|Any CPU.Build.0 = Debug|Any CPU
		{D8168B73-3177-4B35-8B44-B649BEF3570A}.Release|Any CPU.ActiveCfg = Release|Any CPU
		{D8168B73-3177-4B35-8B44-B649BEF3570A}.Release|Any CPU.Build.0 = Release|Any CPU
		{66DE75E9-7344-4EBB-903A-98FFE268EA87}.Debug|Any CPU.ActiveCfg = Debug|Any CPU
		{66DE75E9-7344-4EBB-903A-98FFE268EA87}.Debug|Any CPU.Build.0 = Debug|Any CPU
		{66DE75E9-7344-4EBB-903A-98FFE268EA87}.Release|Any CPU.ActiveCfg = Release|Any CPU
		{66DE75E9-7344-4EBB-903A-98FFE268EA87}.Release|Any CPU.Build.0 = Release|Any CPU
		{961F7535-AD4E-40AA-B4E4-1BA46CD89DA7}.Debug|Any CPU.ActiveCfg = Debug|Any CPU
		{961F7535-AD4E-40AA-B4E4-1BA46CD89DA7}.Debug|Any CPU.Build.0 = Debug|Any CPU
		{961F7535-AD4E-40AA-B4E4-1BA46CD89DA7}.Release|Any CPU.ActiveCfg = Release|Any CPU
		{961F7535-AD4E-40AA-B4E4-1BA46CD89DA7}.Release|Any CPU.Build.0 = Release|Any CPU
	EndGlobalSection
	GlobalSection(SolutionProperties) = preSolution
		HideSolutionNode = FALSE
	EndGlobalSection
EndGlobal
