
Microsoft Visual Studio Solution File, Format Version 12.00
# Visual Studio 2012
Project("{FAE04EC0-301F-11D3-BF4B-00C04F79EFBC}") = "01. IndexMultiplaiedByFive", "01. IndexMultiplaiedByFive\01. IndexMultiplaiedByFive.csproj", "{312D5A42-E9DB-4E3E-BC22-A15E5E1AE5DA}"
EndProject
Project("{FAE04EC0-301F-11D3-BF4B-00C04F79EFBC}") = "02. ReadTwoArrays", "02. ReadTwoArrays\02. ReadTwoArrays.csproj", "{94332856-8335-4F9D-BB37-C84A511C7053}"
EndProject
Project("{FAE04EC0-301F-11D3-BF4B-00C04F79EFBC}") = "03. ComparingLexicographically", "03. ComparingLexicographically\03. ComparingLexicographically.csproj", "{F2386B9A-314E-4F6F-8CA8-A0403BD65290}"
EndProject
Project("{FAE04EC0-301F-11D3-BF4B-00C04F79EFBC}") = "04. MaximalSequenceOfElements", "04. MaximalSequenceOfElements\04. MaximalSequenceOfElements.csproj", "{E7580490-1F71-4072-8EC7-62335DCA0898}"
EndProject
Project("{FAE04EC0-301F-11D3-BF4B-00C04F79EFBC}") = "05. MaximalIncreasingSequence", "05. MaximalIncreasingSequence\05. MaximalIncreasingSequence.csproj", "{FD9E3C9A-D668-442D-B27F-C1C84B85E33E}"
EndProject
Project("{FAE04EC0-301F-11D3-BF4B-00C04F79EFBC}") = "06. FindingMaxSum", "06. FindingMaxSum\06. FindingMaxSum.csproj", "{8003341D-DE85-4B36-9066-BD96D991AEEA}"
EndProject
Project("{FAE04EC0-301F-11D3-BF4B-00C04F79EFBC}") = "07. SortingAnArrey", "07. SortingAnArrey\07. SortingAnArrey.csproj", "{859B6B15-2D9F-44F6-8E71-74C0B5053B9B}"
EndProject
Project("{FAE04EC0-301F-11D3-BF4B-00C04F79EFBC}") = "08. MaxSumArray", "08. MaxSumArray\08. MaxSumArray.csproj", "{CA1C9F07-025D-4A79-9594-4DEEF56BB366}"
EndProject
Project("{FAE04EC0-301F-11D3-BF4B-00C04F79EFBC}") = "09. MostFrequentNumber", "09. MostFrequentNumber\09. MostFrequentNumber.csproj", "{47C3E9DC-AE48-45E7-A8C3-7B4EA1D46CF8}"
EndProject
Project("{FAE04EC0-301F-11D3-BF4B-00C04F79EFBC}") = "10. GivenSum", "10. GivenSum\10. GivenSum.csproj", "{B8C85086-0285-4564-9A5B-1EDB75B491CA}"
EndProject
Project("{FAE04EC0-301F-11D3-BF4B-00C04F79EFBC}") = "11. BinarySearch", "11. BinarySearch\11. BinarySearch.csproj", "{11E2C3AD-DEB3-4FD0-9A9D-56324D4C41B5}"
EndProject
Project("{FAE04EC0-301F-11D3-BF4B-00C04F79EFBC}") = "12. LettersInAWord", "12. LettersInAWord\12. LettersInAWord.csproj", "{CD08CC49-DEEF-4E98-824E-6B8B14A24440}"
EndProject
Project("{FAE04EC0-301F-11D3-BF4B-00C04F79EFBC}") = "13. MergeSortAlgorithm", "13. MergeSortAlgorithm\13. MergeSortAlgorithm.csproj", "{548679E7-7B23-4C56-BF09-E4124F086A14}"
EndProject
Project("{FAE04EC0-301F-11D3-BF4B-00C04F79EFBC}") = "15. SieveOfEratosthenes", "15. SieveOfEratosthenes\15. SieveOfEratosthenes.csproj", "{9ED9FD5D-E782-48A4-AC2E-5D044BF6D030}"
EndProject
Project("{FAE04EC0-301F-11D3-BF4B-00C04F79EFBC}") = "19. PrintPermutations", "19. PrintPermutations\19. PrintPermutations.csproj", "{767188B6-2BDD-4373-9164-6173F0285107}"
EndProject
Project("{FAE04EC0-301F-11D3-BF4B-00C04F79EFBC}") = "14. QuickSortAlgorithm", "14. QuickSortAlgorithm\14. QuickSortAlgorithm.csproj", "{2DDDF1AC-E52F-4C32-A410-D0B1F1AD0432}"
EndProject
Project("{FAE04EC0-301F-11D3-BF4B-00C04F79EFBC}") = "16. SubsetSum", "16. SubsetSum\16. SubsetSum.csproj", "{1563E448-5CC2-431E-9546-AEE19E108A07}"
EndProject
Project("{FAE04EC0-301F-11D3-BF4B-00C04F79EFBC}") = "17. SubsetSumOfKElements", "17. SubsetSumOfKElements\17. SubsetSumOfKElements.csproj", "{623ABE8D-9747-45BF-B6CA-7AC1E0E4D1E1}"
EndProject
Project("{FAE04EC0-301F-11D3-BF4B-00C04F79EFBC}") = "18. SortArrayWithMinRemoving", "18. SortArrayWithMinRemoving\18. SortArrayWithMinRemoving.csproj", "{F8AA0714-6B68-45D0-BE2A-2FFA34991327}"
EndProject
Project("{FAE04EC0-301F-11D3-BF4B-00C04F79EFBC}") = "20. PrintVariations", "20. PrintVariations\20. PrintVariations.csproj", "{4057DD35-488F-4ABE-9052-AC61B6C27682}"
EndProject
Project("{FAE04EC0-301F-11D3-BF4B-00C04F79EFBC}") = "21. PrintCombinations", "21. PrintCombinations\21. PrintCombinations.csproj", "{E1E7E443-A1D0-4821-B363-D307E96668A7}"
EndProject
Global
	GlobalSection(SolutionConfigurationPlatforms) = preSolution
		Debug|Any CPU = Debug|Any CPU
		Release|Any CPU = Release|Any CPU
	EndGlobalSection
	GlobalSection(ProjectConfigurationPlatforms) = postSolution
		{312D5A42-E9DB-4E3E-BC22-A15E5E1AE5DA}.Debug|Any CPU.ActiveCfg = Debug|Any CPU
		{312D5A42-E9DB-4E3E-BC22-A15E5E1AE5DA}.Debug|Any CPU.Build.0 = Debug|Any CPU
		{312D5A42-E9DB-4E3E-BC22-A15E5E1AE5DA}.Release|Any CPU.ActiveCfg = Release|Any CPU
		{312D5A42-E9DB-4E3E-BC22-A15E5E1AE5DA}.Release|Any CPU.Build.0 = Release|Any CPU
		{94332856-8335-4F9D-BB37-C84A511C7053}.Debug|Any CPU.ActiveCfg = Debug|Any CPU
		{94332856-8335-4F9D-BB37-C84A511C7053}.Debug|Any CPU.Build.0 = Debug|Any CPU
		{94332856-8335-4F9D-BB37-C84A511C7053}.Release|Any CPU.ActiveCfg = Release|Any CPU
		{94332856-8335-4F9D-BB37-C84A511C7053}.Release|Any CPU.Build.0 = Release|Any CPU
		{F2386B9A-314E-4F6F-8CA8-A0403BD65290}.Debug|Any CPU.ActiveCfg = Debug|Any CPU
		{F2386B9A-314E-4F6F-8CA8-A0403BD65290}.Debug|Any CPU.Build.0 = Debug|Any CPU
		{F2386B9A-314E-4F6F-8CA8-A0403BD65290}.Release|Any CPU.ActiveCfg = Release|Any CPU
		{F2386B9A-314E-4F6F-8CA8-A0403BD65290}.Release|Any CPU.Build.0 = Release|Any CPU
		{E7580490-1F71-4072-8EC7-62335DCA0898}.Debug|Any CPU.ActiveCfg = Debug|Any CPU
		{E7580490-1F71-4072-8EC7-62335DCA0898}.Debug|Any CPU.Build.0 = Debug|Any CPU
		{E7580490-1F71-4072-8EC7-62335DCA0898}.Release|Any CPU.ActiveCfg = Release|Any CPU
		{E7580490-1F71-4072-8EC7-62335DCA0898}.Release|Any CPU.Build.0 = Release|Any CPU
		{FD9E3C9A-D668-442D-B27F-C1C84B85E33E}.Debug|Any CPU.ActiveCfg = Debug|Any CPU
		{FD9E3C9A-D668-442D-B27F-C1C84B85E33E}.Debug|Any CPU.Build.0 = Debug|Any CPU
		{FD9E3C9A-D668-442D-B27F-C1C84B85E33E}.Release|Any CPU.ActiveCfg = Release|Any CPU
		{FD9E3C9A-D668-442D-B27F-C1C84B85E33E}.Release|Any CPU.Build.0 = Release|Any CPU
		{8003341D-DE85-4B36-9066-BD96D991AEEA}.Debug|Any CPU.ActiveCfg = Debug|Any CPU
		{8003341D-DE85-4B36-9066-BD96D991AEEA}.Debug|Any CPU.Build.0 = Debug|Any CPU
		{8003341D-DE85-4B36-9066-BD96D991AEEA}.Release|Any CPU.ActiveCfg = Release|Any CPU
		{8003341D-DE85-4B36-9066-BD96D991AEEA}.Release|Any CPU.Build.0 = Release|Any CPU
		{859B6B15-2D9F-44F6-8E71-74C0B5053B9B}.Debug|Any CPU.ActiveCfg = Debug|Any CPU
		{859B6B15-2D9F-44F6-8E71-74C0B5053B9B}.Debug|Any CPU.Build.0 = Debug|Any CPU
		{859B6B15-2D9F-44F6-8E71-74C0B5053B9B}.Release|Any CPU.ActiveCfg = Release|Any CPU
		{859B6B15-2D9F-44F6-8E71-74C0B5053B9B}.Release|Any CPU.Build.0 = Release|Any CPU
		{CA1C9F07-025D-4A79-9594-4DEEF56BB366}.Debug|Any CPU.ActiveCfg = Debug|Any CPU
		{CA1C9F07-025D-4A79-9594-4DEEF56BB366}.Debug|Any CPU.Build.0 = Debug|Any CPU
		{CA1C9F07-025D-4A79-9594-4DEEF56BB366}.Release|Any CPU.ActiveCfg = Release|Any CPU
		{CA1C9F07-025D-4A79-9594-4DEEF56BB366}.Release|Any CPU.Build.0 = Release|Any CPU
		{47C3E9DC-AE48-45E7-A8C3-7B4EA1D46CF8}.Debug|Any CPU.ActiveCfg = Debug|Any CPU
		{47C3E9DC-AE48-45E7-A8C3-7B4EA1D46CF8}.Debug|Any CPU.Build.0 = Debug|Any CPU
		{47C3E9DC-AE48-45E7-A8C3-7B4EA1D46CF8}.Release|Any CPU.ActiveCfg = Release|Any CPU
		{47C3E9DC-AE48-45E7-A8C3-7B4EA1D46CF8}.Release|Any CPU.Build.0 = Release|Any CPU
		{B8C85086-0285-4564-9A5B-1EDB75B491CA}.Debug|Any CPU.ActiveCfg = Debug|Any CPU
		{B8C85086-0285-4564-9A5B-1EDB75B491CA}.Debug|Any CPU.Build.0 = Debug|Any CPU
		{B8C85086-0285-4564-9A5B-1EDB75B491CA}.Release|Any CPU.ActiveCfg = Release|Any CPU
		{B8C85086-0285-4564-9A5B-1EDB75B491CA}.Release|Any CPU.Build.0 = Release|Any CPU
		{11E2C3AD-DEB3-4FD0-9A9D-56324D4C41B5}.Debug|Any CPU.ActiveCfg = Debug|Any CPU
		{11E2C3AD-DEB3-4FD0-9A9D-56324D4C41B5}.Debug|Any CPU.Build.0 = Debug|Any CPU
		{11E2C3AD-DEB3-4FD0-9A9D-56324D4C41B5}.Release|Any CPU.ActiveCfg = Release|Any CPU
		{11E2C3AD-DEB3-4FD0-9A9D-56324D4C41B5}.Release|Any CPU.Build.0 = Release|Any CPU
		{CD08CC49-DEEF-4E98-824E-6B8B14A24440}.Debug|Any CPU.ActiveCfg = Debug|Any CPU
		{CD08CC49-DEEF-4E98-824E-6B8B14A24440}.Debug|Any CPU.Build.0 = Debug|Any CPU
		{CD08CC49-DEEF-4E98-824E-6B8B14A24440}.Release|Any CPU.ActiveCfg = Release|Any CPU
		{CD08CC49-DEEF-4E98-824E-6B8B14A24440}.Release|Any CPU.Build.0 = Release|Any CPU
		{548679E7-7B23-4C56-BF09-E4124F086A14}.Debug|Any CPU.ActiveCfg = Debug|Any CPU
		{548679E7-7B23-4C56-BF09-E4124F086A14}.Debug|Any CPU.Build.0 = Debug|Any CPU
		{548679E7-7B23-4C56-BF09-E4124F086A14}.Release|Any CPU.ActiveCfg = Release|Any CPU
		{548679E7-7B23-4C56-BF09-E4124F086A14}.Release|Any CPU.Build.0 = Release|Any CPU
		{9ED9FD5D-E782-48A4-AC2E-5D044BF6D030}.Debug|Any CPU.ActiveCfg = Debug|Any CPU
		{9ED9FD5D-E782-48A4-AC2E-5D044BF6D030}.Debug|Any CPU.Build.0 = Debug|Any CPU
		{9ED9FD5D-E782-48A4-AC2E-5D044BF6D030}.Release|Any CPU.ActiveCfg = Release|Any CPU
		{9ED9FD5D-E782-48A4-AC2E-5D044BF6D030}.Release|Any CPU.Build.0 = Release|Any CPU
		{767188B6-2BDD-4373-9164-6173F0285107}.Debug|Any CPU.ActiveCfg = Debug|Any CPU
		{767188B6-2BDD-4373-9164-6173F0285107}.Debug|Any CPU.Build.0 = Debug|Any CPU
		{767188B6-2BDD-4373-9164-6173F0285107}.Release|Any CPU.ActiveCfg = Release|Any CPU
		{767188B6-2BDD-4373-9164-6173F0285107}.Release|Any CPU.Build.0 = Release|Any CPU
		{2DDDF1AC-E52F-4C32-A410-D0B1F1AD0432}.Debug|Any CPU.ActiveCfg = Debug|Any CPU
		{2DDDF1AC-E52F-4C32-A410-D0B1F1AD0432}.Debug|Any CPU.Build.0 = Debug|Any CPU
		{2DDDF1AC-E52F-4C32-A410-D0B1F1AD0432}.Release|Any CPU.ActiveCfg = Release|Any CPU
		{2DDDF1AC-E52F-4C32-A410-D0B1F1AD0432}.Release|Any CPU.Build.0 = Release|Any CPU
		{1563E448-5CC2-431E-9546-AEE19E108A07}.Debug|Any CPU.ActiveCfg = Debug|Any CPU
		{1563E448-5CC2-431E-9546-AEE19E108A07}.Debug|Any CPU.Build.0 = Debug|Any CPU
		{1563E448-5CC2-431E-9546-AEE19E108A07}.Release|Any CPU.ActiveCfg = Release|Any CPU
		{1563E448-5CC2-431E-9546-AEE19E108A07}.Release|Any CPU.Build.0 = Release|Any CPU
		{623ABE8D-9747-45BF-B6CA-7AC1E0E4D1E1}.Debug|Any CPU.ActiveCfg = Debug|Any CPU
		{623ABE8D-9747-45BF-B6CA-7AC1E0E4D1E1}.Debug|Any CPU.Build.0 = Debug|Any CPU
		{623ABE8D-9747-45BF-B6CA-7AC1E0E4D1E1}.Release|Any CPU.ActiveCfg = Release|Any CPU
		{623ABE8D-9747-45BF-B6CA-7AC1E0E4D1E1}.Release|Any CPU.Build.0 = Release|Any CPU
		{F8AA0714-6B68-45D0-BE2A-2FFA34991327}.Debug|Any CPU.ActiveCfg = Debug|Any CPU
		{F8AA0714-6B68-45D0-BE2A-2FFA34991327}.Debug|Any CPU.Build.0 = Debug|Any CPU
		{F8AA0714-6B68-45D0-BE2A-2FFA34991327}.Release|Any CPU.ActiveCfg = Release|Any CPU
		{F8AA0714-6B68-45D0-BE2A-2FFA34991327}.Release|Any CPU.Build.0 = Release|Any CPU
		{4057DD35-488F-4ABE-9052-AC61B6C27682}.Debug|Any CPU.ActiveCfg = Debug|Any CPU
		{4057DD35-488F-4ABE-9052-AC61B6C27682}.Debug|Any CPU.Build.0 = Debug|Any CPU
		{4057DD35-488F-4ABE-9052-AC61B6C27682}.Release|Any CPU.ActiveCfg = Release|Any CPU
		{4057DD35-488F-4ABE-9052-AC61B6C27682}.Release|Any CPU.Build.0 = Release|Any CPU
		{E1E7E443-A1D0-4821-B363-D307E96668A7}.Debug|Any CPU.ActiveCfg = Debug|Any CPU
		{E1E7E443-A1D0-4821-B363-D307E96668A7}.Debug|Any CPU.Build.0 = Debug|Any CPU
		{E1E7E443-A1D0-4821-B363-D307E96668A7}.Release|Any CPU.ActiveCfg = Release|Any CPU
		{E1E7E443-A1D0-4821-B363-D307E96668A7}.Release|Any CPU.Build.0 = Release|Any CPU
	EndGlobalSection
	GlobalSection(SolutionProperties) = preSolution
		HideSolutionNode = FALSE
	EndGlobalSection
EndGlobal
