
Microsoft Visual Studio Solution File, Format Version 12.00
# Visual Studio 2012
Project("{FAE04EC0-301F-11D3-BF4B-00C04F79EFBC}") = "02. DividingBySevenAndFive", "02. DividingBySevenAndFive\02. DividingBySevenAndFive.csproj", "{76AAF4DA-2FCF-4804-B272-83E1DF5A84BC}"
EndProject
Project("{FAE04EC0-301F-11D3-BF4B-00C04F79EFBC}") = "01. OddOrEvenInt", "01. OddOrEvenInt\01. OddOrEvenInt.csproj", "{4A5821B8-0695-48B5-AC5B-6623C358A520}"
EndProject
Project("{FAE04EC0-301F-11D3-BF4B-00C04F79EFBC}") = "03. CalcTriangleArea", "03. CalcTriangleArea\03. CalcTriangleArea.csproj", "{B2E199CA-26F7-4FAE-AFDE-C5C105171C62}"
EndProject
Project("{FAE04EC0-301F-11D3-BF4B-00C04F79EFBC}") = "04. CheckThirdDigit", "04. CheckThirdDigit\04. CheckThirdDigit.csproj", "{D32ACC37-A18F-4B67-AF53-FA16A399E3ED}"
EndProject
Project("{FAE04EC0-301F-11D3-BF4B-00C04F79EFBC}") = "05. FindingTheThirdBit", "05. FindingTheThirdBit\05. FindingTheThirdBit.csproj", "{C452D376-5247-4440-9B82-2CCCA90DDB79}"
EndProject
Project("{FAE04EC0-301F-11D3-BF4B-00C04F79EFBC}") = "06. PointInCircle", "06. PointInCircle\06. PointInCircle.csproj", "{D3AA8118-23E4-4E96-9842-A81BE37F157B}"
EndProject
Project("{FAE04EC0-301F-11D3-BF4B-00C04F79EFBC}") = "07. PrimeNumbers", "07. PrimeNumbers\07. PrimeNumbers.csproj", "{74270C3F-CA1F-4A64-98C7-C814B889A21C}"
EndProject
Project("{FAE04EC0-301F-11D3-BF4B-00C04F79EFBC}") = "08. FindingTrapezoidsArea", "08. FindingTrapezoidsArea\08. FindingTrapezoidsArea.csproj", "{95F4C61C-C983-499D-8E7E-26F7620C33A3}"
EndProject
Project("{FAE04EC0-301F-11D3-BF4B-00C04F79EFBC}") = "09. IncircleOutRectangle", "09. IncircleOutRectangle\09. IncircleOutRectangle.csproj", "{E0ED82D6-ED4F-4E46-9D78-41DE57A50816}"
EndProject
Project("{FAE04EC0-301F-11D3-BF4B-00C04F79EFBC}") = "10. BitAtPositionP", "10. BitAtPositionP\10. BitAtPositionP.csproj", "{BEEA9E80-BDCD-4DC5-9B42-5A3E096571C8}"
EndProject
Project("{FAE04EC0-301F-11D3-BF4B-00C04F79EFBC}") = "11. ExtractingBit", "11. ExtractingBit\11. ExtractingBit.csproj", "{62F727DB-71C7-4BE5-A01C-9F614F11E4FB}"
EndProject
Project("{FAE04EC0-301F-11D3-BF4B-00C04F79EFBC}") = "12. HoldingValue", "12. HoldingValue\12. HoldingValue.csproj", "{E25477D1-780F-48B0-B4C7-CA5FF05FBFCA}"
EndProject
Project("{FAE04EC0-301F-11D3-BF4B-00C04F79EFBC}") = "13. ExchangingBits", "13. ExchangingBits\13. ExchangingBits.csproj", "{9867DA29-6B90-47BD-B4A3-1BAABE1ED806}"
EndProject
Project("{FAE04EC0-301F-11D3-BF4B-00C04F79EFBC}") = "14. HarderExchangingBits", "14. HarderExchangingBits\14. HarderExchangingBits.csproj", "{B7C8FA3B-006C-4E2D-A98E-CC7DFB2FD1DA}"
EndProject
Global
	GlobalSection(SolutionConfigurationPlatforms) = preSolution
		Debug|Any CPU = Debug|Any CPU
		Release|Any CPU = Release|Any CPU
	EndGlobalSection
	GlobalSection(ProjectConfigurationPlatforms) = postSolution
		{76AAF4DA-2FCF-4804-B272-83E1DF5A84BC}.Debug|Any CPU.ActiveCfg = Debug|Any CPU
		{76AAF4DA-2FCF-4804-B272-83E1DF5A84BC}.Debug|Any CPU.Build.0 = Debug|Any CPU
		{76AAF4DA-2FCF-4804-B272-83E1DF5A84BC}.Release|Any CPU.ActiveCfg = Release|Any CPU
		{76AAF4DA-2FCF-4804-B272-83E1DF5A84BC}.Release|Any CPU.Build.0 = Release|Any CPU
		{4A5821B8-0695-48B5-AC5B-6623C358A520}.Debug|Any CPU.ActiveCfg = Debug|Any CPU
		{4A5821B8-0695-48B5-AC5B-6623C358A520}.Debug|Any CPU.Build.0 = Debug|Any CPU
		{4A5821B8-0695-48B5-AC5B-6623C358A520}.Release|Any CPU.ActiveCfg = Release|Any CPU
		{4A5821B8-0695-48B5-AC5B-6623C358A520}.Release|Any CPU.Build.0 = Release|Any CPU
		{B2E199CA-26F7-4FAE-AFDE-C5C105171C62}.Debug|Any CPU.ActiveCfg = Debug|Any CPU
		{B2E199CA-26F7-4FAE-AFDE-C5C105171C62}.Debug|Any CPU.Build.0 = Debug|Any CPU
		{B2E199CA-26F7-4FAE-AFDE-C5C105171C62}.Release|Any CPU.ActiveCfg = Release|Any CPU
		{B2E199CA-26F7-4FAE-AFDE-C5C105171C62}.Release|Any CPU.Build.0 = Release|Any CPU
		{D32ACC37-A18F-4B67-AF53-FA16A399E3ED}.Debug|Any CPU.ActiveCfg = Debug|Any CPU
		{D32ACC37-A18F-4B67-AF53-FA16A399E3ED}.Debug|Any CPU.Build.0 = Debug|Any CPU
		{D32ACC37-A18F-4B67-AF53-FA16A399E3ED}.Release|Any CPU.ActiveCfg = Release|Any CPU
		{D32ACC37-A18F-4B67-AF53-FA16A399E3ED}.Release|Any CPU.Build.0 = Release|Any CPU
		{C452D376-5247-4440-9B82-2CCCA90DDB79}.Debug|Any CPU.ActiveCfg = Debug|Any CPU
		{C452D376-5247-4440-9B82-2CCCA90DDB79}.Debug|Any CPU.Build.0 = Debug|Any CPU
		{C452D376-5247-4440-9B82-2CCCA90DDB79}.Release|Any CPU.ActiveCfg = Release|Any CPU
		{C452D376-5247-4440-9B82-2CCCA90DDB79}.Release|Any CPU.Build.0 = Release|Any CPU
		{D3AA8118-23E4-4E96-9842-A81BE37F157B}.Debug|Any CPU.ActiveCfg = Debug|Any CPU
		{D3AA8118-23E4-4E96-9842-A81BE37F157B}.Debug|Any CPU.Build.0 = Debug|Any CPU
		{D3AA8118-23E4-4E96-9842-A81BE37F157B}.Release|Any CPU.ActiveCfg = Release|Any CPU
		{D3AA8118-23E4-4E96-9842-A81BE37F157B}.Release|Any CPU.Build.0 = Release|Any CPU
		{74270C3F-CA1F-4A64-98C7-C814B889A21C}.Debug|Any CPU.ActiveCfg = Debug|Any CPU
		{74270C3F-CA1F-4A64-98C7-C814B889A21C}.Debug|Any CPU.Build.0 = Debug|Any CPU
		{74270C3F-CA1F-4A64-98C7-C814B889A21C}.Release|Any CPU.ActiveCfg = Release|Any CPU
		{74270C3F-CA1F-4A64-98C7-C814B889A21C}.Release|Any CPU.Build.0 = Release|Any CPU
		{95F4C61C-C983-499D-8E7E-26F7620C33A3}.Debug|Any CPU.ActiveCfg = Debug|Any CPU
		{95F4C61C-C983-499D-8E7E-26F7620C33A3}.Debug|Any CPU.Build.0 = Debug|Any CPU
		{95F4C61C-C983-499D-8E7E-26F7620C33A3}.Release|Any CPU.ActiveCfg = Release|Any CPU
		{95F4C61C-C983-499D-8E7E-26F7620C33A3}.Release|Any CPU.Build.0 = Release|Any CPU
		{E0ED82D6-ED4F-4E46-9D78-41DE57A50816}.Debug|Any CPU.ActiveCfg = Debug|Any CPU
		{E0ED82D6-ED4F-4E46-9D78-41DE57A50816}.Debug|Any CPU.Build.0 = Debug|Any CPU
		{E0ED82D6-ED4F-4E46-9D78-41DE57A50816}.Release|Any CPU.ActiveCfg = Release|Any CPU
		{E0ED82D6-ED4F-4E46-9D78-41DE57A50816}.Release|Any CPU.Build.0 = Release|Any CPU
		{BEEA9E80-BDCD-4DC5-9B42-5A3E096571C8}.Debug|Any CPU.ActiveCfg = Debug|Any CPU
		{BEEA9E80-BDCD-4DC5-9B42-5A3E096571C8}.Debug|Any CPU.Build.0 = Debug|Any CPU
		{BEEA9E80-BDCD-4DC5-9B42-5A3E096571C8}.Release|Any CPU.ActiveCfg = Release|Any CPU
		{BEEA9E80-BDCD-4DC5-9B42-5A3E096571C8}.Release|Any CPU.Build.0 = Release|Any CPU
		{62F727DB-71C7-4BE5-A01C-9F614F11E4FB}.Debug|Any CPU.ActiveCfg = Debug|Any CPU
		{62F727DB-71C7-4BE5-A01C-9F614F11E4FB}.Debug|Any CPU.Build.0 = Debug|Any CPU
		{62F727DB-71C7-4BE5-A01C-9F614F11E4FB}.Release|Any CPU.ActiveCfg = Release|Any CPU
		{62F727DB-71C7-4BE5-A01C-9F614F11E4FB}.Release|Any CPU.Build.0 = Release|Any CPU
		{E25477D1-780F-48B0-B4C7-CA5FF05FBFCA}.Debug|Any CPU.ActiveCfg = Debug|Any CPU
		{E25477D1-780F-48B0-B4C7-CA5FF05FBFCA}.Debug|Any CPU.Build.0 = Debug|Any CPU
		{E25477D1-780F-48B0-B4C7-CA5FF05FBFCA}.Release|Any CPU.ActiveCfg = Release|Any CPU
		{E25477D1-780F-48B0-B4C7-CA5FF05FBFCA}.Release|Any CPU.Build.0 = Release|Any CPU
		{9867DA29-6B90-47BD-B4A3-1BAABE1ED806}.Debug|Any CPU.ActiveCfg = Debug|Any CPU
		{9867DA29-6B90-47BD-B4A3-1BAABE1ED806}.Debug|Any CPU.Build.0 = Debug|Any CPU
		{9867DA29-6B90-47BD-B4A3-1BAABE1ED806}.Release|Any CPU.ActiveCfg = Release|Any CPU
		{9867DA29-6B90-47BD-B4A3-1BAABE1ED806}.Release|Any CPU.Build.0 = Release|Any CPU
		{B7C8FA3B-006C-4E2D-A98E-CC7DFB2FD1DA}.Debug|Any CPU.ActiveCfg = Debug|Any CPU
		{B7C8FA3B-006C-4E2D-A98E-CC7DFB2FD1DA}.Debug|Any CPU.Build.0 = Debug|Any CPU
		{B7C8FA3B-006C-4E2D-A98E-CC7DFB2FD1DA}.Release|Any CPU.ActiveCfg = Release|Any CPU
		{B7C8FA3B-006C-4E2D-A98E-CC7DFB2FD1DA}.Release|Any CPU.Build.0 = Release|Any CPU
	EndGlobalSection
	GlobalSection(SolutionProperties) = preSolution
		HideSolutionNode = FALSE
	EndGlobalSection
EndGlobal
