
Microsoft Visual Studio Solution File, Format Version 12.00
# Visual Studio 2012
Project("{FAE04EC0-301F-11D3-BF4B-00C04F79EFBC}") = "01. PrintName", "01. PrintName\01. PrintName.csproj", "{58932AFC-1670-4CBF-B10E-35BC359C3ACA}"
EndProject
Project("{FAE04EC0-301F-11D3-BF4B-00C04F79EFBC}") = "02. BiggerNumber", "02. BiggerNumber\02. BiggerNumber.csproj", "{CFC4C040-2442-4EA2-8C9A-0B0EFD95CB2A}"
EndProject
Project("{FAE04EC0-301F-11D3-BF4B-00C04F79EFBC}") = "03. LastDigitToWord", "03. LastDigitToWord\03. LastDigitToWord.csproj", "{7A845357-ED7E-4189-B316-A3B46ABD4D6F}"
EndProject
Project("{FAE04EC0-301F-11D3-BF4B-00C04F79EFBC}") = "04. CountNumberInArray", "04. CountNumberInArray\04. CountNumberInArray.csproj", "{144441F8-3830-4862-8E6A-E4DCC6379D01}"
EndProject
Project("{FAE04EC0-301F-11D3-BF4B-00C04F79EFBC}") = "04. CountNumberUnitTests", "04. CountNumberUnitTests\04. CountNumberUnitTests.csproj", "{746D9F26-A05D-4336-B231-88DAC1B1B278}"
EndProject
Project("{FAE04EC0-301F-11D3-BF4B-00C04F79EFBC}") = "05. CheckNeighbours", "05. CheckNeighbours\05. CheckNeighbours.csproj", "{E43B51F7-8541-4BE9-9909-D0DE20B1EA72}"
EndProject
Project("{FAE04EC0-301F-11D3-BF4B-00C04F79EFBC}") = "06. IndexOfBiggerNumber", "06. IndexOfBiggerNumber\06. IndexOfBiggerNumber.csproj", "{63C64F44-CBE7-4B43-A952-03586FAA1DDC}"
EndProject
Project("{FAE04EC0-301F-11D3-BF4B-00C04F79EFBC}") = "07. ReversingNumbers", "07. ReversingNumbers\07. ReversingNumbers.csproj", "{48DA6C50-9498-47CD-86A6-155BA8F6FA5A}"
EndProject
Project("{FAE04EC0-301F-11D3-BF4B-00C04F79EFBC}") = "08. SumingNumbersInArray", "08. SumingNumbersInArray\08. SumingNumbersInArray.csproj", "{0481CA8B-C97D-42F9-BB39-2E38A4940BDA}"
EndProject
Project("{FAE04EC0-301F-11D3-BF4B-00C04F79EFBC}") = "09. MaximalElement", "09. MaximalElement\09. MaximalElement.csproj", "{FC52421E-D30E-4BDA-AB9D-C584D65333EC}"
EndProject
Project("{FAE04EC0-301F-11D3-BF4B-00C04F79EFBC}") = "14. CalculatingSetOfIntegers", "14. CalculatingSetOfIntegers\14. CalculatingSetOfIntegers.csproj", "{76C64B7B-48C8-4E6A-B4B7-13EC9B5EBAA2}"
EndProject
Project("{FAE04EC0-301F-11D3-BF4B-00C04F79EFBC}") = "15. GenericMethod", "15. GenericMethod\15. GenericMethod.csproj", "{39253F25-6DA0-484F-8EC6-830471E1B3F1}"
EndProject
Project("{FAE04EC0-301F-11D3-BF4B-00C04F79EFBC}") = "10. CalculatingFactoriel", "10. CalculatingFactoriel\10. CalculatingFactoriel.csproj", "{0D1A6A55-9BFA-425A-B8AF-AA4072FEA514}"
EndProject
Project("{FAE04EC0-301F-11D3-BF4B-00C04F79EFBC}") = "11. AddingPolynomials", "11. AddingPolynomials\11. AddingPolynomials.csproj", "{DC7796B9-1624-4DC1-8FDC-0B13DF6605E9}"
EndProject
Project("{FAE04EC0-301F-11D3-BF4B-00C04F79EFBC}") = "12. SubtractAndMultiplicatePolynoms", "12. SubtractAndMultiplicatePolynoms\12. SubtractAndMultiplicatePolynoms.csproj", "{12CF61ED-D4C8-4E33-8D16-52ADC57A0926}"
EndProject
Project("{FAE04EC0-301F-11D3-BF4B-00C04F79EFBC}") = "13. ProgramSolvingTasks", "13. ProgramSolvingTasks\13. ProgramSolvingTasks.csproj", "{EDF9D1FF-CB59-400C-9A92-9325AE42AD69}"
EndProject
Global
	GlobalSection(SolutionConfigurationPlatforms) = preSolution
		Debug|Any CPU = Debug|Any CPU
		Release|Any CPU = Release|Any CPU
	EndGlobalSection
	GlobalSection(ProjectConfigurationPlatforms) = postSolution
		{58932AFC-1670-4CBF-B10E-35BC359C3ACA}.Debug|Any CPU.ActiveCfg = Debug|Any CPU
		{58932AFC-1670-4CBF-B10E-35BC359C3ACA}.Debug|Any CPU.Build.0 = Debug|Any CPU
		{58932AFC-1670-4CBF-B10E-35BC359C3ACA}.Release|Any CPU.ActiveCfg = Release|Any CPU
		{58932AFC-1670-4CBF-B10E-35BC359C3ACA}.Release|Any CPU.Build.0 = Release|Any CPU
		{CFC4C040-2442-4EA2-8C9A-0B0EFD95CB2A}.Debug|Any CPU.ActiveCfg = Debug|Any CPU
		{CFC4C040-2442-4EA2-8C9A-0B0EFD95CB2A}.Debug|Any CPU.Build.0 = Debug|Any CPU
		{CFC4C040-2442-4EA2-8C9A-0B0EFD95CB2A}.Release|Any CPU.ActiveCfg = Release|Any CPU
		{CFC4C040-2442-4EA2-8C9A-0B0EFD95CB2A}.Release|Any CPU.Build.0 = Release|Any CPU
		{7A845357-ED7E-4189-B316-A3B46ABD4D6F}.Debug|Any CPU.ActiveCfg = Debug|Any CPU
		{7A845357-ED7E-4189-B316-A3B46ABD4D6F}.Debug|Any CPU.Build.0 = Debug|Any CPU
		{7A845357-ED7E-4189-B316-A3B46ABD4D6F}.Release|Any CPU.ActiveCfg = Release|Any CPU
		{7A845357-ED7E-4189-B316-A3B46ABD4D6F}.Release|Any CPU.Build.0 = Release|Any CPU
		{144441F8-3830-4862-8E6A-E4DCC6379D01}.Debug|Any CPU.ActiveCfg = Debug|Any CPU
		{144441F8-3830-4862-8E6A-E4DCC6379D01}.Debug|Any CPU.Build.0 = Debug|Any CPU
		{144441F8-3830-4862-8E6A-E4DCC6379D01}.Release|Any CPU.ActiveCfg = Release|Any CPU
		{144441F8-3830-4862-8E6A-E4DCC6379D01}.Release|Any CPU.Build.0 = Release|Any CPU
		{746D9F26-A05D-4336-B231-88DAC1B1B278}.Debug|Any CPU.ActiveCfg = Debug|Any CPU
		{746D9F26-A05D-4336-B231-88DAC1B1B278}.Debug|Any CPU.Build.0 = Debug|Any CPU
		{746D9F26-A05D-4336-B231-88DAC1B1B278}.Release|Any CPU.ActiveCfg = Release|Any CPU
		{746D9F26-A05D-4336-B231-88DAC1B1B278}.Release|Any CPU.Build.0 = Release|Any CPU
		{E43B51F7-8541-4BE9-9909-D0DE20B1EA72}.Debug|Any CPU.ActiveCfg = Debug|Any CPU
		{E43B51F7-8541-4BE9-9909-D0DE20B1EA72}.Debug|Any CPU.Build.0 = Debug|Any CPU
		{E43B51F7-8541-4BE9-9909-D0DE20B1EA72}.Release|Any CPU.ActiveCfg = Release|Any CPU
		{E43B51F7-8541-4BE9-9909-D0DE20B1EA72}.Release|Any CPU.Build.0 = Release|Any CPU
		{63C64F44-CBE7-4B43-A952-03586FAA1DDC}.Debug|Any CPU.ActiveCfg = Debug|Any CPU
		{63C64F44-CBE7-4B43-A952-03586FAA1DDC}.Debug|Any CPU.Build.0 = Debug|Any CPU
		{63C64F44-CBE7-4B43-A952-03586FAA1DDC}.Release|Any CPU.ActiveCfg = Release|Any CPU
		{63C64F44-CBE7-4B43-A952-03586FAA1DDC}.Release|Any CPU.Build.0 = Release|Any CPU
		{48DA6C50-9498-47CD-86A6-155BA8F6FA5A}.Debug|Any CPU.ActiveCfg = Debug|Any CPU
		{48DA6C50-9498-47CD-86A6-155BA8F6FA5A}.Debug|Any CPU.Build.0 = Debug|Any CPU
		{48DA6C50-9498-47CD-86A6-155BA8F6FA5A}.Release|Any CPU.ActiveCfg = Release|Any CPU
		{48DA6C50-9498-47CD-86A6-155BA8F6FA5A}.Release|Any CPU.Build.0 = Release|Any CPU
		{0481CA8B-C97D-42F9-BB39-2E38A4940BDA}.Debug|Any CPU.ActiveCfg = Debug|Any CPU
		{0481CA8B-C97D-42F9-BB39-2E38A4940BDA}.Debug|Any CPU.Build.0 = Debug|Any CPU
		{0481CA8B-C97D-42F9-BB39-2E38A4940BDA}.Release|Any CPU.ActiveCfg = Release|Any CPU
		{0481CA8B-C97D-42F9-BB39-2E38A4940BDA}.Release|Any CPU.Build.0 = Release|Any CPU
		{FC52421E-D30E-4BDA-AB9D-C584D65333EC}.Debug|Any CPU.ActiveCfg = Debug|Any CPU
		{FC52421E-D30E-4BDA-AB9D-C584D65333EC}.Debug|Any CPU.Build.0 = Debug|Any CPU
		{FC52421E-D30E-4BDA-AB9D-C584D65333EC}.Release|Any CPU.ActiveCfg = Release|Any CPU
		{FC52421E-D30E-4BDA-AB9D-C584D65333EC}.Release|Any CPU.Build.0 = Release|Any CPU
		{76C64B7B-48C8-4E6A-B4B7-13EC9B5EBAA2}.Debug|Any CPU.ActiveCfg = Debug|Any CPU
		{76C64B7B-48C8-4E6A-B4B7-13EC9B5EBAA2}.Debug|Any CPU.Build.0 = Debug|Any CPU
		{76C64B7B-48C8-4E6A-B4B7-13EC9B5EBAA2}.Release|Any CPU.ActiveCfg = Release|Any CPU
		{76C64B7B-48C8-4E6A-B4B7-13EC9B5EBAA2}.Release|Any CPU.Build.0 = Release|Any CPU
		{39253F25-6DA0-484F-8EC6-830471E1B3F1}.Debug|Any CPU.ActiveCfg = Debug|Any CPU
		{39253F25-6DA0-484F-8EC6-830471E1B3F1}.Debug|Any CPU.Build.0 = Debug|Any CPU
		{39253F25-6DA0-484F-8EC6-830471E1B3F1}.Release|Any CPU.ActiveCfg = Release|Any CPU
		{39253F25-6DA0-484F-8EC6-830471E1B3F1}.Release|Any CPU.Build.0 = Release|Any CPU
		{0D1A6A55-9BFA-425A-B8AF-AA4072FEA514}.Debug|Any CPU.ActiveCfg = Debug|Any CPU
		{0D1A6A55-9BFA-425A-B8AF-AA4072FEA514}.Debug|Any CPU.Build.0 = Debug|Any CPU
		{0D1A6A55-9BFA-425A-B8AF-AA4072FEA514}.Release|Any CPU.ActiveCfg = Release|Any CPU
		{0D1A6A55-9BFA-425A-B8AF-AA4072FEA514}.Release|Any CPU.Build.0 = Release|Any CPU
		{DC7796B9-1624-4DC1-8FDC-0B13DF6605E9}.Debug|Any CPU.ActiveCfg = Debug|Any CPU
		{DC7796B9-1624-4DC1-8FDC-0B13DF6605E9}.Debug|Any CPU.Build.0 = Debug|Any CPU
		{DC7796B9-1624-4DC1-8FDC-0B13DF6605E9}.Release|Any CPU.ActiveCfg = Release|Any CPU
		{DC7796B9-1624-4DC1-8FDC-0B13DF6605E9}.Release|Any CPU.Build.0 = Release|Any CPU
		{12CF61ED-D4C8-4E33-8D16-52ADC57A0926}.Debug|Any CPU.ActiveCfg = Debug|Any CPU
		{12CF61ED-D4C8-4E33-8D16-52ADC57A0926}.Debug|Any CPU.Build.0 = Debug|Any CPU
		{12CF61ED-D4C8-4E33-8D16-52ADC57A0926}.Release|Any CPU.ActiveCfg = Release|Any CPU
		{12CF61ED-D4C8-4E33-8D16-52ADC57A0926}.Release|Any CPU.Build.0 = Release|Any CPU
		{EDF9D1FF-CB59-400C-9A92-9325AE42AD69}.Debug|Any CPU.ActiveCfg = Debug|Any CPU
		{EDF9D1FF-CB59-400C-9A92-9325AE42AD69}.Debug|Any CPU.Build.0 = Debug|Any CPU
		{EDF9D1FF-CB59-400C-9A92-9325AE42AD69}.Release|Any CPU.ActiveCfg = Release|Any CPU
		{EDF9D1FF-CB59-400C-9A92-9325AE42AD69}.Release|Any CPU.Build.0 = Release|Any CPU
	EndGlobalSection
	GlobalSection(SolutionProperties) = preSolution
		HideSolutionNode = FALSE
	EndGlobalSection
EndGlobal
