
Microsoft Visual Studio Solution File, Format Version 12.00
# Visual Studio 2012
Project("{FAE04EC0-301F-11D3-BF4B-00C04F79EFBC}") = "01. ReadAndSum", "01. ReadAndSum\01. ReadAndSum.csproj", "{97C7EDD6-3C0B-41A4-AFD1-A75D07D5D301}"
EndProject
Project("{FAE04EC0-301F-11D3-BF4B-00C04F79EFBC}") = "02. PerimeterAndAreaOfCircle", "02. PerimeterAndAreaOfCircle\02. PerimeterAndAreaOfCircle.csproj", "{C1B6C15C-FCBF-4022-9D55-991EE603D597}"
EndProject
Project("{FAE04EC0-301F-11D3-BF4B-00C04F79EFBC}") = "03. CompanysInformation", "03. CompanysInformation\03. CompanysInformation.csproj", "{D22599E7-B1F2-4E00-9228-E90D769C2C23}"
EndProject
Project("{FAE04EC0-301F-11D3-BF4B-00C04F79EFBC}") = "04. CountingNumberBetweenInts", "04. CountingNumberBetweenInts\04. CountingNumberBetweenInts.csproj", "{E3EFD4F8-555A-47A2-942B-E81DE4B4D463}"
EndProject
Project("{FAE04EC0-301F-11D3-BF4B-00C04F79EFBC}") = "05. GreaterNumber", "05. GreaterNumber\05. GreaterNumber.csproj", "{C90DB1E3-4618-45CC-A053-324281110F58}"
EndProject
Project("{FAE04EC0-301F-11D3-BF4B-00C04F79EFBC}") = "06. QuadraticEquation", "06. QuadraticEquation\06. QuadraticEquation.csproj", "{F4DC4AB4-2A9C-4D8C-B816-BA49D7F4CF99}"
EndProject
Project("{FAE04EC0-301F-11D3-BF4B-00C04F79EFBC}") = "07. NNumbersSumUp", "07. NNumbersSumUp\07. NNumbersSumUp.csproj", "{81D49F2A-E67A-49D7-8628-5D40190AB379}"
EndProject
Project("{FAE04EC0-301F-11D3-BF4B-00C04F79EFBC}") = "08. PrintNNumbers", "08. PrintNNumbers\08. PrintNNumbers.csproj", "{021F8593-6CD4-4DB8-A779-2ABE86342A8A}"
EndProject
Project("{FAE04EC0-301F-11D3-BF4B-00C04F79EFBC}") = "09. SequenceOfFibonnaci", "09. SequenceOfFibonnaci\09. SequenceOfFibonnaci.csproj", "{FEB393C4-78BC-4C9A-873E-3BC61BFF2946}"
EndProject
Project("{FAE04EC0-301F-11D3-BF4B-00C04F79EFBC}") = "10. CalculateSumFloat", "10. CalculateSumFloat\10. CalculateSumFloat.csproj", "{FB080FA4-0938-4202-8931-BC48B00E0E57}"
EndProject
Project("{FAE04EC0-301F-11D3-BF4B-00C04F79EFBC}") = "11. FallingRocksGame", "11. FallingRocksGame\11. FallingRocksGame.csproj", "{24CD906D-64AB-4A16-AAE0-1278CB89C36C}"
EndProject
Global
	GlobalSection(SolutionConfigurationPlatforms) = preSolution
		Debug|Any CPU = Debug|Any CPU
		Release|Any CPU = Release|Any CPU
	EndGlobalSection
	GlobalSection(ProjectConfigurationPlatforms) = postSolution
		{97C7EDD6-3C0B-41A4-AFD1-A75D07D5D301}.Debug|Any CPU.ActiveCfg = Debug|Any CPU
		{97C7EDD6-3C0B-41A4-AFD1-A75D07D5D301}.Debug|Any CPU.Build.0 = Debug|Any CPU
		{97C7EDD6-3C0B-41A4-AFD1-A75D07D5D301}.Release|Any CPU.ActiveCfg = Release|Any CPU
		{97C7EDD6-3C0B-41A4-AFD1-A75D07D5D301}.Release|Any CPU.Build.0 = Release|Any CPU
		{C1B6C15C-FCBF-4022-9D55-991EE603D597}.Debug|Any CPU.ActiveCfg = Debug|Any CPU
		{C1B6C15C-FCBF-4022-9D55-991EE603D597}.Debug|Any CPU.Build.0 = Debug|Any CPU
		{C1B6C15C-FCBF-4022-9D55-991EE603D597}.Release|Any CPU.ActiveCfg = Release|Any CPU
		{C1B6C15C-FCBF-4022-9D55-991EE603D597}.Release|Any CPU.Build.0 = Release|Any CPU
		{D22599E7-B1F2-4E00-9228-E90D769C2C23}.Debug|Any CPU.ActiveCfg = Debug|Any CPU
		{D22599E7-B1F2-4E00-9228-E90D769C2C23}.Debug|Any CPU.Build.0 = Debug|Any CPU
		{D22599E7-B1F2-4E00-9228-E90D769C2C23}.Release|Any CPU.ActiveCfg = Release|Any CPU
		{D22599E7-B1F2-4E00-9228-E90D769C2C23}.Release|Any CPU.Build.0 = Release|Any CPU
		{E3EFD4F8-555A-47A2-942B-E81DE4B4D463}.Debug|Any CPU.ActiveCfg = Debug|Any CPU
		{E3EFD4F8-555A-47A2-942B-E81DE4B4D463}.Debug|Any CPU.Build.0 = Debug|Any CPU
		{E3EFD4F8-555A-47A2-942B-E81DE4B4D463}.Release|Any CPU.ActiveCfg = Release|Any CPU
		{E3EFD4F8-555A-47A2-942B-E81DE4B4D463}.Release|Any CPU.Build.0 = Release|Any CPU
		{C90DB1E3-4618-45CC-A053-324281110F58}.Debug|Any CPU.ActiveCfg = Debug|Any CPU
		{C90DB1E3-4618-45CC-A053-324281110F58}.Debug|Any CPU.Build.0 = Debug|Any CPU
		{C90DB1E3-4618-45CC-A053-324281110F58}.Release|Any CPU.ActiveCfg = Release|Any CPU
		{C90DB1E3-4618-45CC-A053-324281110F58}.Release|Any CPU.Build.0 = Release|Any CPU
		{F4DC4AB4-2A9C-4D8C-B816-BA49D7F4CF99}.Debug|Any CPU.ActiveCfg = Debug|Any CPU
		{F4DC4AB4-2A9C-4D8C-B816-BA49D7F4CF99}.Debug|Any CPU.Build.0 = Debug|Any CPU
		{F4DC4AB4-2A9C-4D8C-B816-BA49D7F4CF99}.Release|Any CPU.ActiveCfg = Release|Any CPU
		{F4DC4AB4-2A9C-4D8C-B816-BA49D7F4CF99}.Release|Any CPU.Build.0 = Release|Any CPU
		{81D49F2A-E67A-49D7-8628-5D40190AB379}.Debug|Any CPU.ActiveCfg = Debug|Any CPU
		{81D49F2A-E67A-49D7-8628-5D40190AB379}.Debug|Any CPU.Build.0 = Debug|Any CPU
		{81D49F2A-E67A-49D7-8628-5D40190AB379}.Release|Any CPU.ActiveCfg = Release|Any CPU
		{81D49F2A-E67A-49D7-8628-5D40190AB379}.Release|Any CPU.Build.0 = Release|Any CPU
		{021F8593-6CD4-4DB8-A779-2ABE86342A8A}.Debug|Any CPU.ActiveCfg = Debug|Any CPU
		{021F8593-6CD4-4DB8-A779-2ABE86342A8A}.Debug|Any CPU.Build.0 = Debug|Any CPU
		{021F8593-6CD4-4DB8-A779-2ABE86342A8A}.Release|Any CPU.ActiveCfg = Release|Any CPU
		{021F8593-6CD4-4DB8-A779-2ABE86342A8A}.Release|Any CPU.Build.0 = Release|Any CPU
		{FEB393C4-78BC-4C9A-873E-3BC61BFF2946}.Debug|Any CPU.ActiveCfg = Debug|Any CPU
		{FEB393C4-78BC-4C9A-873E-3BC61BFF2946}.Debug|Any CPU.Build.0 = Debug|Any CPU
		{FEB393C4-78BC-4C9A-873E-3BC61BFF2946}.Release|Any CPU.ActiveCfg = Release|Any CPU
		{FEB393C4-78BC-4C9A-873E-3BC61BFF2946}.Release|Any CPU.Build.0 = Release|Any CPU
		{FB080FA4-0938-4202-8931-BC48B00E0E57}.Debug|Any CPU.ActiveCfg = Debug|Any CPU
		{FB080FA4-0938-4202-8931-BC48B00E0E57}.Debug|Any CPU.Build.0 = Debug|Any CPU
		{FB080FA4-0938-4202-8931-BC48B00E0E57}.Release|Any CPU.ActiveCfg = Release|Any CPU
		{FB080FA4-0938-4202-8931-BC48B00E0E57}.Release|Any CPU.Build.0 = Release|Any CPU
		{24CD906D-64AB-4A16-AAE0-1278CB89C36C}.Debug|Any CPU.ActiveCfg = Debug|Any CPU
		{24CD906D-64AB-4A16-AAE0-1278CB89C36C}.Debug|Any CPU.Build.0 = Debug|Any CPU
		{24CD906D-64AB-4A16-AAE0-1278CB89C36C}.Release|Any CPU.ActiveCfg = Release|Any CPU
		{24CD906D-64AB-4A16-AAE0-1278CB89C36C}.Release|Any CPU.Build.0 = Release|Any CPU
	EndGlobalSection
	GlobalSection(SolutionProperties) = preSolution
		HideSolutionNode = FALSE
	EndGlobalSection
EndGlobal
