
Microsoft Visual Studio Solution File, Format Version 12.00
# Visual Studio 2012
Project("{FAE04EC0-301F-11D3-BF4B-00C04F79EFBC}") = "MissCat", "MissCat\MissCat.csproj", "{9825E06E-6563-42F8-AFC1-B99BB4AE78B2}"
EndProject
Project("{FAE04EC0-301F-11D3-BF4B-00C04F79EFBC}") = "ForestRoad", "ForestRoad\ForestRoad.csproj", "{65D37ADE-4A24-4A33-9E0D-337A513D730E}"
EndProject
Project("{FAE04EC0-301F-11D3-BF4B-00C04F79EFBC}") = "TribonacciTriangle", "TribonacciTriangle\TribonacciTriangle.csproj", "{AB73BE3D-210A-433F-B3BC-FFC8C44F3E93}"
EndProject
Project("{FAE04EC0-301F-11D3-BF4B-00C04F79EFBC}") = "Tribonacci", "Tribonacci\Tribonacci.csproj", "{BAB4EE79-662F-4299-B2E6-C0AFB99C52B5}"
EndProject
Project("{FAE04EC0-301F-11D3-BF4B-00C04F79EFBC}") = "FirTree", "FirTree\FirTree.csproj", "{1910ED41-F094-4A47-B1CD-D5D8F2755BC9}"
EndProject
Project("{FAE04EC0-301F-11D3-BF4B-00C04F79EFBC}") = "UKFlag", "UKFlag\UKFlag.csproj", "{5B132526-B54A-4E46-8536-8954947204AA}"
EndProject
Project("{FAE04EC0-301F-11D3-BF4B-00C04F79EFBC}") = "Carpets", "Carpets\Carpets.csproj", "{82A2AF26-1A73-49D5-B0FD-ADED4BBBE04B}"
EndProject
Project("{FAE04EC0-301F-11D3-BF4B-00C04F79EFBC}") = "TelerikLogo", "TelerikLogo\TelerikLogo.csproj", "{71575CDF-0244-4DF9-8697-E81B48E2FAA9}"
EndProject
Project("{FAE04EC0-301F-11D3-BF4B-00C04F79EFBC}") = "BitBall", "BitBall\BitBall.csproj", "{256E7AE2-C1C5-4B0E-ABFF-C86A4D206419}"
EndProject
Project("{FAE04EC0-301F-11D3-BF4B-00C04F79EFBC}") = "AngryBits", "AngryBits\AngryBits.csproj", "{88E4C403-1999-4D2E-B0F8-FC90B7EE2B6B}"
EndProject
Project("{FAE04EC0-301F-11D3-BF4B-00C04F79EFBC}") = "FormulaBit1", "FormulaBit1\FormulaBit1.csproj", "{A8E187C4-050D-49E0-B194-C6ADA197B524}"
EndProject
Project("{FAE04EC0-301F-11D3-BF4B-00C04F79EFBC}") = "Fall Down", "Fall Down\Fall Down.csproj", "{902393B5-630E-49B6-B1DA-43B79BC71B0F}"
EndProject
Project("{FAE04EC0-301F-11D3-BF4B-00C04F79EFBC}") = "Odd Number", "Odd Number\Odd Number.csproj", "{368D1E83-D7E1-4A6E-A2C1-F57D0B4D8B79}"
EndProject
Project("{FAE04EC0-301F-11D3-BF4B-00C04F79EFBC}") = "Pillars", "Pillars\Pillars.csproj", "{E4841CF2-7100-4968-A095-CE13D6605935}"
EndProject
Project("{FAE04EC0-301F-11D3-BF4B-00C04F79EFBC}") = "WeAllLoveBits", "WeAllLoveBits\WeAllLoveBits.csproj", "{76D39F01-3FFF-4B44-81C2-4100F0FE36A3}"
EndProject
Project("{FAE04EC0-301F-11D3-BF4B-00C04F79EFBC}") = "Subset Sum", "Subset Sum\Subset Sum.csproj", "{6C65D010-8BAE-49B4-864E-12F9806C9597}"
EndProject
Project("{FAE04EC0-301F-11D3-BF4B-00C04F79EFBC}") = "Lines", "Lines\Lines.csproj", "{9894D230-39E0-4DDE-89F4-93EF5C682F37}"
EndProject
Project("{FAE04EC0-301F-11D3-BF4B-00C04F79EFBC}") = "Dancing Bits", "Dancing Bits\Dancing Bits.csproj", "{CB9ED8FD-EE84-4B6F-BE93-C15311FBB7A9}"
EndProject
Project("{FAE04EC0-301F-11D3-BF4B-00C04F79EFBC}") = "Sheets", "Sheets\Sheets.csproj", "{369A6E02-CC1E-4BEC-84B7-630D5F53F22C}"
EndProject
Global
	GlobalSection(SolutionConfigurationPlatforms) = preSolution
		Debug|Any CPU = Debug|Any CPU
		Release|Any CPU = Release|Any CPU
	EndGlobalSection
	GlobalSection(ProjectConfigurationPlatforms) = postSolution
		{9825E06E-6563-42F8-AFC1-B99BB4AE78B2}.Debug|Any CPU.ActiveCfg = Debug|Any CPU
		{9825E06E-6563-42F8-AFC1-B99BB4AE78B2}.Debug|Any CPU.Build.0 = Debug|Any CPU
		{9825E06E-6563-42F8-AFC1-B99BB4AE78B2}.Release|Any CPU.ActiveCfg = Release|Any CPU
		{9825E06E-6563-42F8-AFC1-B99BB4AE78B2}.Release|Any CPU.Build.0 = Release|Any CPU
		{65D37ADE-4A24-4A33-9E0D-337A513D730E}.Debug|Any CPU.ActiveCfg = Debug|Any CPU
		{65D37ADE-4A24-4A33-9E0D-337A513D730E}.Debug|Any CPU.Build.0 = Debug|Any CPU
		{65D37ADE-4A24-4A33-9E0D-337A513D730E}.Release|Any CPU.ActiveCfg = Release|Any CPU
		{65D37ADE-4A24-4A33-9E0D-337A513D730E}.Release|Any CPU.Build.0 = Release|Any CPU
		{AB73BE3D-210A-433F-B3BC-FFC8C44F3E93}.Debug|Any CPU.ActiveCfg = Debug|Any CPU
		{AB73BE3D-210A-433F-B3BC-FFC8C44F3E93}.Debug|Any CPU.Build.0 = Debug|Any CPU
		{AB73BE3D-210A-433F-B3BC-FFC8C44F3E93}.Release|Any CPU.ActiveCfg = Release|Any CPU
		{AB73BE3D-210A-433F-B3BC-FFC8C44F3E93}.Release|Any CPU.Build.0 = Release|Any CPU
		{BAB4EE79-662F-4299-B2E6-C0AFB99C52B5}.Debug|Any CPU.ActiveCfg = Debug|Any CPU
		{BAB4EE79-662F-4299-B2E6-C0AFB99C52B5}.Debug|Any CPU.Build.0 = Debug|Any CPU
		{BAB4EE79-662F-4299-B2E6-C0AFB99C52B5}.Release|Any CPU.ActiveCfg = Release|Any CPU
		{BAB4EE79-662F-4299-B2E6-C0AFB99C52B5}.Release|Any CPU.Build.0 = Release|Any CPU
		{1910ED41-F094-4A47-B1CD-D5D8F2755BC9}.Debug|Any CPU.ActiveCfg = Debug|Any CPU
		{1910ED41-F094-4A47-B1CD-D5D8F2755BC9}.Debug|Any CPU.Build.0 = Debug|Any CPU
		{1910ED41-F094-4A47-B1CD-D5D8F2755BC9}.Release|Any CPU.ActiveCfg = Release|Any CPU
		{1910ED41-F094-4A47-B1CD-D5D8F2755BC9}.Release|Any CPU.Build.0 = Release|Any CPU
		{5B132526-B54A-4E46-8536-8954947204AA}.Debug|Any CPU.ActiveCfg = Debug|Any CPU
		{5B132526-B54A-4E46-8536-8954947204AA}.Debug|Any CPU.Build.0 = Debug|Any CPU
		{5B132526-B54A-4E46-8536-8954947204AA}.Release|Any CPU.ActiveCfg = Release|Any CPU
		{5B132526-B54A-4E46-8536-8954947204AA}.Release|Any CPU.Build.0 = Release|Any CPU
		{82A2AF26-1A73-49D5-B0FD-ADED4BBBE04B}.Debug|Any CPU.ActiveCfg = Debug|Any CPU
		{82A2AF26-1A73-49D5-B0FD-ADED4BBBE04B}.Debug|Any CPU.Build.0 = Debug|Any CPU
		{82A2AF26-1A73-49D5-B0FD-ADED4BBBE04B}.Release|Any CPU.ActiveCfg = Release|Any CPU
		{82A2AF26-1A73-49D5-B0FD-ADED4BBBE04B}.Release|Any CPU.Build.0 = Release|Any CPU
		{71575CDF-0244-4DF9-8697-E81B48E2FAA9}.Debug|Any CPU.ActiveCfg = Debug|Any CPU
		{71575CDF-0244-4DF9-8697-E81B48E2FAA9}.Debug|Any CPU.Build.0 = Debug|Any CPU
		{71575CDF-0244-4DF9-8697-E81B48E2FAA9}.Release|Any CPU.ActiveCfg = Release|Any CPU
		{71575CDF-0244-4DF9-8697-E81B48E2FAA9}.Release|Any CPU.Build.0 = Release|Any CPU
		{256E7AE2-C1C5-4B0E-ABFF-C86A4D206419}.Debug|Any CPU.ActiveCfg = Debug|Any CPU
		{256E7AE2-C1C5-4B0E-ABFF-C86A4D206419}.Debug|Any CPU.Build.0 = Debug|Any CPU
		{256E7AE2-C1C5-4B0E-ABFF-C86A4D206419}.Release|Any CPU.ActiveCfg = Release|Any CPU
		{256E7AE2-C1C5-4B0E-ABFF-C86A4D206419}.Release|Any CPU.Build.0 = Release|Any CPU
		{88E4C403-1999-4D2E-B0F8-FC90B7EE2B6B}.Debug|Any CPU.ActiveCfg = Debug|Any CPU
		{88E4C403-1999-4D2E-B0F8-FC90B7EE2B6B}.Debug|Any CPU.Build.0 = Debug|Any CPU
		{88E4C403-1999-4D2E-B0F8-FC90B7EE2B6B}.Release|Any CPU.ActiveCfg = Release|Any CPU
		{88E4C403-1999-4D2E-B0F8-FC90B7EE2B6B}.Release|Any CPU.Build.0 = Release|Any CPU
		{A8E187C4-050D-49E0-B194-C6ADA197B524}.Debug|Any CPU.ActiveCfg = Debug|Any CPU
		{A8E187C4-050D-49E0-B194-C6ADA197B524}.Debug|Any CPU.Build.0 = Debug|Any CPU
		{A8E187C4-050D-49E0-B194-C6ADA197B524}.Release|Any CPU.ActiveCfg = Release|Any CPU
		{A8E187C4-050D-49E0-B194-C6ADA197B524}.Release|Any CPU.Build.0 = Release|Any CPU
		{902393B5-630E-49B6-B1DA-43B79BC71B0F}.Debug|Any CPU.ActiveCfg = Debug|Any CPU
		{902393B5-630E-49B6-B1DA-43B79BC71B0F}.Debug|Any CPU.Build.0 = Debug|Any CPU
		{902393B5-630E-49B6-B1DA-43B79BC71B0F}.Release|Any CPU.ActiveCfg = Release|Any CPU
		{902393B5-630E-49B6-B1DA-43B79BC71B0F}.Release|Any CPU.Build.0 = Release|Any CPU
		{368D1E83-D7E1-4A6E-A2C1-F57D0B4D8B79}.Debug|Any CPU.ActiveCfg = Debug|Any CPU
		{368D1E83-D7E1-4A6E-A2C1-F57D0B4D8B79}.Debug|Any CPU.Build.0 = Debug|Any CPU
		{368D1E83-D7E1-4A6E-A2C1-F57D0B4D8B79}.Release|Any CPU.ActiveCfg = Release|Any CPU
		{368D1E83-D7E1-4A6E-A2C1-F57D0B4D8B79}.Release|Any CPU.Build.0 = Release|Any CPU
		{E4841CF2-7100-4968-A095-CE13D6605935}.Debug|Any CPU.ActiveCfg = Debug|Any CPU
		{E4841CF2-7100-4968-A095-CE13D6605935}.Debug|Any CPU.Build.0 = Debug|Any CPU
		{E4841CF2-7100-4968-A095-CE13D6605935}.Release|Any CPU.ActiveCfg = Release|Any CPU
		{E4841CF2-7100-4968-A095-CE13D6605935}.Release|Any CPU.Build.0 = Release|Any CPU
		{76D39F01-3FFF-4B44-81C2-4100F0FE36A3}.Debug|Any CPU.ActiveCfg = Debug|Any CPU
		{76D39F01-3FFF-4B44-81C2-4100F0FE36A3}.Debug|Any CPU.Build.0 = Debug|Any CPU
		{76D39F01-3FFF-4B44-81C2-4100F0FE36A3}.Release|Any CPU.ActiveCfg = Release|Any CPU
		{76D39F01-3FFF-4B44-81C2-4100F0FE36A3}.Release|Any CPU.Build.0 = Release|Any CPU
		{6C65D010-8BAE-49B4-864E-12F9806C9597}.Debug|Any CPU.ActiveCfg = Debug|Any CPU
		{6C65D010-8BAE-49B4-864E-12F9806C9597}.Debug|Any CPU.Build.0 = Debug|Any CPU
		{6C65D010-8BAE-49B4-864E-12F9806C9597}.Release|Any CPU.ActiveCfg = Release|Any CPU
		{6C65D010-8BAE-49B4-864E-12F9806C9597}.Release|Any CPU.Build.0 = Release|Any CPU
		{9894D230-39E0-4DDE-89F4-93EF5C682F37}.Debug|Any CPU.ActiveCfg = Debug|Any CPU
		{9894D230-39E0-4DDE-89F4-93EF5C682F37}.Debug|Any CPU.Build.0 = Debug|Any CPU
		{9894D230-39E0-4DDE-89F4-93EF5C682F37}.Release|Any CPU.ActiveCfg = Release|Any CPU
		{9894D230-39E0-4DDE-89F4-93EF5C682F37}.Release|Any CPU.Build.0 = Release|Any CPU
		{CB9ED8FD-EE84-4B6F-BE93-C15311FBB7A9}.Debug|Any CPU.ActiveCfg = Debug|Any CPU
		{CB9ED8FD-EE84-4B6F-BE93-C15311FBB7A9}.Debug|Any CPU.Build.0 = Debug|Any CPU
		{CB9ED8FD-EE84-4B6F-BE93-C15311FBB7A9}.Release|Any CPU.ActiveCfg = Release|Any CPU
		{CB9ED8FD-EE84-4B6F-BE93-C15311FBB7A9}.Release|Any CPU.Build.0 = Release|Any CPU
		{369A6E02-CC1E-4BEC-84B7-630D5F53F22C}.Debug|Any CPU.ActiveCfg = Debug|Any CPU
		{369A6E02-CC1E-4BEC-84B7-630D5F53F22C}.Debug|Any CPU.Build.0 = Debug|Any CPU
		{369A6E02-CC1E-4BEC-84B7-630D5F53F22C}.Release|Any CPU.ActiveCfg = Release|Any CPU
		{369A6E02-CC1E-4BEC-84B7-630D5F53F22C}.Release|Any CPU.Build.0 = Release|Any CPU
	EndGlobalSection
	GlobalSection(SolutionProperties) = preSolution
		HideSolutionNode = FALSE
	EndGlobalSection
EndGlobal
