
Microsoft Visual Studio Solution File, Format Version 12.00
# Visual Studio 2012
Project("{FAE04EC0-301F-11D3-BF4B-00C04F79EFBC}") = "FirstProblem", "FirstProblem\FirstProblem.csproj", "{9423C014-DAF9-49A9-B10C-54A494D87831}"
EndProject
Project("{FAE04EC0-301F-11D3-BF4B-00C04F79EFBC}") = "SecondProblem", "SecondProblem\SecondProblem.csproj", "{E44225F8-B5F7-4CDD-A594-D0849D9392B4}"
EndProject
Project("{FAE04EC0-301F-11D3-BF4B-00C04F79EFBC}") = "ThirdProblem", "ThirdProblem\ThirdProblem.csproj", "{C71841FA-CEB9-4D76-9C69-9142B0636BF2}"
EndProject
Project("{FAE04EC0-301F-11D3-BF4B-00C04F79EFBC}") = "ForthProblem", "ForthProblem\ForthProblem.csproj", "{3C8C9E0E-D385-4DDA-A109-C786DFEF9918}"
EndProject
Project("{FAE04EC0-301F-11D3-BF4B-00C04F79EFBC}") = "FifthProblem", "FifthProblem\FifthProblem.csproj", "{C7C9E643-77D8-4CE5-A350-4A7F62131574}"
EndProject
Project("{FAE04EC0-301F-11D3-BF4B-00C04F79EFBC}") = "ConsoleApplication1", "ConsoleApplication1\ConsoleApplication1.csproj", "{4158C91D-1545-4640-AACC-868B943C65C1}"
EndProject
Global
	GlobalSection(SolutionConfigurationPlatforms) = preSolution
		Debug|Any CPU = Debug|Any CPU
		Release|Any CPU = Release|Any CPU
	EndGlobalSection
	GlobalSection(ProjectConfigurationPlatforms) = postSolution
		{9423C014-DAF9-49A9-B10C-54A494D87831}.Debug|Any CPU.ActiveCfg = Debug|Any CPU
		{9423C014-DAF9-49A9-B10C-54A494D87831}.Debug|Any CPU.Build.0 = Debug|Any CPU
		{9423C014-DAF9-49A9-B10C-54A494D87831}.Release|Any CPU.ActiveCfg = Release|Any CPU
		{9423C014-DAF9-49A9-B10C-54A494D87831}.Release|Any CPU.Build.0 = Release|Any CPU
		{E44225F8-B5F7-4CDD-A594-D0849D9392B4}.Debug|Any CPU.ActiveCfg = Debug|Any CPU
		{E44225F8-B5F7-4CDD-A594-D0849D9392B4}.Debug|Any CPU.Build.0 = Debug|Any CPU
		{E44225F8-B5F7-4CDD-A594-D0849D9392B4}.Release|Any CPU.ActiveCfg = Release|Any CPU
		{E44225F8-B5F7-4CDD-A594-D0849D9392B4}.Release|Any CPU.Build.0 = Release|Any CPU
		{C71841FA-CEB9-4D76-9C69-9142B0636BF2}.Debug|Any CPU.ActiveCfg = Debug|Any CPU
		{C71841FA-CEB9-4D76-9C69-9142B0636BF2}.Debug|Any CPU.Build.0 = Debug|Any CPU
		{C71841FA-CEB9-4D76-9C69-9142B0636BF2}.Release|Any CPU.ActiveCfg = Release|Any CPU
		{C71841FA-CEB9-4D76-9C69-9142B0636BF2}.Release|Any CPU.Build.0 = Release|Any CPU
		{3C8C9E0E-D385-4DDA-A109-C786DFEF9918}.Debug|Any CPU.ActiveCfg = Debug|Any CPU
		{3C8C9E0E-D385-4DDA-A109-C786DFEF9918}.Debug|Any CPU.Build.0 = Debug|Any CPU
		{3C8C9E0E-D385-4DDA-A109-C786DFEF9918}.Release|Any CPU.ActiveCfg = Release|Any CPU
		{3C8C9E0E-D385-4DDA-A109-C786DFEF9918}.Release|Any CPU.Build.0 = Release|Any CPU
		{C7C9E643-77D8-4CE5-A350-4A7F62131574}.Debug|Any CPU.ActiveCfg = Debug|Any CPU
		{C7C9E643-77D8-4CE5-A350-4A7F62131574}.Debug|Any CPU.Build.0 = Debug|Any CPU
		{C7C9E643-77D8-4CE5-A350-4A7F62131574}.Release|Any CPU.ActiveCfg = Release|Any CPU
		{C7C9E643-77D8-4CE5-A350-4A7F62131574}.Release|Any CPU.Build.0 = Release|Any CPU
		{4158C91D-1545-4640-AACC-868B943C65C1}.Debug|Any CPU.ActiveCfg = Debug|Any CPU
		{4158C91D-1545-4640-AACC-868B943C65C1}.Debug|Any CPU.Build.0 = Debug|Any CPU
		{4158C91D-1545-4640-AACC-868B943C65C1}.Release|Any CPU.ActiveCfg = Release|Any CPU
		{4158C91D-1545-4640-AACC-868B943C65C1}.Release|Any CPU.Build.0 = Release|Any CPU
	EndGlobalSection
	GlobalSection(SolutionProperties) = preSolution
		HideSolutionNode = FALSE
	EndGlobalSection
EndGlobal
